
Microsoft Visual Studio Solution File, Format Version 12.00
# Visual Studio Version 17
VisualStudioVersion = 17.3.32922.545
MinimumVisualStudioVersion = 10.0.40219.1
Project("{FAE04EC0-301F-11D3-BF4B-00C04F79EFBC}") = "BasicInfoManage", "BasicInfoManage\BasicInfoManage.csproj", "{F49A4CF0-4327-497E-BB60-39384F9D19D2}"
EndProject
Global
	GlobalSection(SolutionConfigurationPlatforms) = preSolution
		Debug|Any CPU = Debug|Any CPU
		Release|Any CPU = Release|Any CPU
	EndGlobalSection
	GlobalSection(ProjectConfigurationPlatforms) = postSolution
		{F49A4CF0-4327-497E-BB60-39384F9D19D2}.Debug|Any CPU.ActiveCfg = Debug|Any CPU
		{F49A4CF0-4327-497E-BB60-39384F9D19D2}.Debug|Any CPU.Build.0 = Debug|Any CPU
		{F49A4CF0-4327-497E-BB60-39384F9D19D2}.Release|Any CPU.ActiveCfg = Release|Any CPU
		{F49A4CF0-4327-497E-BB60-39384F9D19D2}.Release|Any CPU.Build.0 = Release|Any CPU
	EndGlobalSection
	GlobalSection(SolutionProperties) = preSolution
		HideSolutionNode = FALSE
	EndGlobalSection
	GlobalSection(ExtensibilityGlobals) = postSolution
		SolutionGuid = {0FCF2399-F8F5-4F60-859D-A56E1E6D7B45}
	EndGlobalSection
EndGlobal
